
Microsoft Visual Studio Solution File, Format Version 12.00
# Visual Studio 15
VisualStudioVersion = 15.0.28307.421
MinimumVisualStudioVersion = 10.0.40219.1
Project("{FAE04EC0-301F-11D3-BF4B-00C04F79EFBC}") = "CivModBuddy", "CivModBuddy\CivModBuddy.csproj", "{0FAA0BB7-3400-4AC5-BEBD-38571C926241}"
EndProject
Global
	GlobalSection(SolutionConfigurationPlatforms) = preSolution
		Debug|Any CPU = Debug|Any CPU
		Release|Any CPU = Release|Any CPU
	EndGlobalSection
	GlobalSection(ProjectConfigurationPlatforms) = postSolution
		{0FAA0BB7-3400-4AC5-BEBD-38571C926241}.Debug|Any CPU.ActiveCfg = Debug|Any CPU
		{0FAA0BB7-3400-4AC5-BEBD-38571C926241}.Debug|Any CPU.Build.0 = Debug|Any CPU
		{0FAA0BB7-3400-4AC5-BEBD-38571C926241}.Release|Any CPU.ActiveCfg = Release|Any CPU
		{0FAA0BB7-3400-4AC5-BEBD-38571C926241}.Release|Any CPU.Build.0 = Release|Any CPU
	EndGlobalSection
	GlobalSection(SolutionProperties) = preSolution
		HideSolutionNode = FALSE
	EndGlobalSection
	GlobalSection(ExtensibilityGlobals) = postSolution
		SolutionGuid = {E50B45B1-FC6B-4646-A6DE-3438927258C7}
	EndGlobalSection
EndGlobal
